
Microsoft Visual Studio Solution File, Format Version 12.00
# Visual Studio Version 17
VisualStudioVersion = 17.8.34330.188
MinimumVisualStudioVersion = 10.0.40219.1
Project("{FAE04EC0-301F-11D3-BF4B-00C04F79EFBC}") = "SO3", "SO3.csproj", "{69203433-0154-4332-A242-D7D2F6404F4A}"
EndProject
Global
	GlobalSection(SolutionConfigurationPlatforms) = preSolution
		Debug|Any CPU = Debug|Any CPU
		Release|Any CPU = Release|Any CPU
	EndGlobalSection
	GlobalSection(ProjectConfigurationPlatforms) = postSolution
		{69203433-0154-4332-A242-D7D2F6404F4A}.Debug|Any CPU.ActiveCfg = Debug|Any CPU
		{69203433-0154-4332-A242-D7D2F6404F4A}.Debug|Any CPU.Build.0 = Debug|Any CPU
		{69203433-0154-4332-A242-D7D2F6404F4A}.Release|Any CPU.ActiveCfg = Release|Any CPU
		{69203433-0154-4332-A242-D7D2F6404F4A}.Release|Any CPU.Build.0 = Release|Any CPU
	EndGlobalSection
	GlobalSection(SolutionProperties) = preSolution
		HideSolutionNode = FALSE
	EndGlobalSection
	GlobalSection(ExtensibilityGlobals) = postSolution
		SolutionGuid = {DF1E2093-35D8-4051-AF98-1781162DD32C}
	EndGlobalSection
EndGlobal
